
Microsoft Visual Studio Solution File, Format Version 12.00
# Visual Studio Version 17
VisualStudioVersion = 17.0.31903.59
MinimumVisualStudioVersion = 10.0.40219.1
Project("{9A19103F-16F7-4668-BE54-9A1E7A4F7556}") = "SOL.Gateway", "src\SOL.Gateway\SOL.Gateway.csproj", "{671C7DA0-7927-4CEF-ACCA-C43379785E87}"
EndProject
Project("{9A19103F-16F7-4668-BE54-9A1E7A4F7556}") = "SOL.Abstractions", "src\SOL.Abstractions\SOL.Abstractions.csproj", "{40DA2B23-BAF5-494B-9508-D60B389209C2}"
EndProject
Project("{9A19103F-16F7-4668-BE54-9A1E7A4F7556}") = "SOL.Messaging", "src\SOL.Messaging\SOL.Messaging.csproj", "{6D51F7F7-4F0D-4077-83CE-E7BB9E99EAE0}"
EndProject
Project("{9A19103F-16F7-4668-BE54-9A1E7A4F7556}") = "SOL.Service.PatientEncounter", "src\SOL.Service.PatientEncounter\SOL.Service.PatientEncounter.csproj", "{DF6BDC0C-ACF1-47DA-9991-ADACE8DEACBC}"
EndProject
Project("{9A19103F-16F7-4668-BE54-9A1E7A4F7556}") = "SOL.Service.OrganizationMgmt", "src\SOL.Service.OrganizationMgmt\SOL.Service.OrganizationMgmt.csproj", "{47EBF4EB-12DF-4CEE-A362-D5EBC0EFB066}"
EndProject
Project("{9A19103F-16F7-4668-BE54-9A1E7A4F7556}") = "SOL.DataAccess", "src\SOL.DataAccess\SOL.DataAccess.csproj", "{2F0DD7DA-27B6-4F4B-A7A5-95481C93D02D}"
EndProject
Project("{2150E333-8FDC-42A3-9474-1A3956D46DE8}") = "03 Infrastructure", "03 Infrastructure", "{9CE731C6-93ED-4210-A340-A71433B3F83E}"
EndProject
Project("{2150E333-8FDC-42A3-9474-1A3956D46DE8}") = "01 Interfaces", "01 Interfaces", "{8CDB5565-A578-44AC-A0DF-43FC65244FFF}"
EndProject
Project("{2150E333-8FDC-42A3-9474-1A3956D46DE8}") = "02 Services", "02 Services", "{5D1A09CD-B229-427A-AA7E-1DD43B4713B0}"
EndProject
Project("{FAE04EC0-301F-11D3-BF4B-00C04F79EFBC}") = "SOL.Workflow", "src\SOL.Workflow\SOL.Workflow.csproj", "{AE511795-62C3-41B5-95C3-69FAF74351C2}"
EndProject
Project("{FAE04EC0-301F-11D3-BF4B-00C04F79EFBC}") = "SOL.Reporting", "src\SOL.Reporting\SOL.Reporting\SOL.Reporting.csproj", "{6E0BDB07-B198-4F36-BD83-4F9B7CD09500}"
EndProject
Project("{FAE04EC0-301F-11D3-BF4B-00C04F79EFBC}") = "SOL.Activities", "src\SOL.Activities\SOL.Activities.csproj", "{33B3645D-55E5-4C34-A839-BA17364280EA}"
EndProject
Project("{FAE04EC0-301F-11D3-BF4B-00C04F79EFBC}") = "SOL.Utility", "src\SOL.Utility\SOL.Utility.csproj", "{8722967A-603D-45F6-B000-1C6F153E9C43}"
EndProject
Project("{FAE04EC0-301F-11D3-BF4B-00C04F79EFBC}") = "SOL.Service.UserMgmt", "src\SOL.Service.UserMgmt\SOL.Service.UserMgmt.csproj", "{1A15EE75-D148-4334-9447-4311E13704FF}"
EndProject
Project("{2150E333-8FDC-42A3-9474-1A3956D46DE8}") = "src", "src", "{A2D47A7E-6A4D-4B12-87A8-B2CECCA5C406}"
EndProject
Project("{2150E333-8FDC-42A3-9474-1A3956D46DE8}") = "tsts", "tsts", "{F9AFCAC9-EDC3-468C-BA19-38C32B897E8E}"
EndProject
Project("{2150E333-8FDC-42A3-9474-1A3956D46DE8}") = "Services", "Services", "{AADF91CC-9DF0-484B-93A6-76BAF858BABE}"
EndProject
Project("{FAE04EC0-301F-11D3-BF4B-00C04F79EFBC}") = "SOL.Service.PatientEncounter.Tests", "tst\SOL.Service.PatientEncounter.Tests\SOL.Service.PatientEncounter.Tests.csproj", "{7B305101-4F6D-4B95-8BF6-9060716586A4}"
EndProject
Global
	GlobalSection(SolutionConfigurationPlatforms) = preSolution
		Debug|Any CPU = Debug|Any CPU
		Release|Any CPU = Release|Any CPU
	EndGlobalSection
	GlobalSection(ProjectConfigurationPlatforms) = postSolution
		{671C7DA0-7927-4CEF-ACCA-C43379785E87}.Debug|Any CPU.ActiveCfg = Debug|Any CPU
		{671C7DA0-7927-4CEF-ACCA-C43379785E87}.Debug|Any CPU.Build.0 = Debug|Any CPU
		{671C7DA0-7927-4CEF-ACCA-C43379785E87}.Release|Any CPU.ActiveCfg = Release|Any CPU
		{671C7DA0-7927-4CEF-ACCA-C43379785E87}.Release|Any CPU.Build.0 = Release|Any CPU
		{40DA2B23-BAF5-494B-9508-D60B389209C2}.Debug|Any CPU.ActiveCfg = Debug|Any CPU
		{40DA2B23-BAF5-494B-9508-D60B389209C2}.Debug|Any CPU.Build.0 = Debug|Any CPU
		{40DA2B23-BAF5-494B-9508-D60B389209C2}.Release|Any CPU.ActiveCfg = Release|Any CPU
		{40DA2B23-BAF5-494B-9508-D60B389209C2}.Release|Any CPU.Build.0 = Release|Any CPU
		{6D51F7F7-4F0D-4077-83CE-E7BB9E99EAE0}.Debug|Any CPU.ActiveCfg = Debug|Any CPU
		{6D51F7F7-4F0D-4077-83CE-E7BB9E99EAE0}.Debug|Any CPU.Build.0 = Debug|Any CPU
		{6D51F7F7-4F0D-4077-83CE-E7BB9E99EAE0}.Release|Any CPU.ActiveCfg = Release|Any CPU
		{6D51F7F7-4F0D-4077-83CE-E7BB9E99EAE0}.Release|Any CPU.Build.0 = Release|Any CPU
		{DF6BDC0C-ACF1-47DA-9991-ADACE8DEACBC}.Debug|Any CPU.ActiveCfg = Debug|Any CPU
		{DF6BDC0C-ACF1-47DA-9991-ADACE8DEACBC}.Debug|Any CPU.Build.0 = Debug|Any CPU
		{DF6BDC0C-ACF1-47DA-9991-ADACE8DEACBC}.Release|Any CPU.ActiveCfg = Release|Any CPU
		{DF6BDC0C-ACF1-47DA-9991-ADACE8DEACBC}.Release|Any CPU.Build.0 = Release|Any CPU
		{47EBF4EB-12DF-4CEE-A362-D5EBC0EFB066}.Debug|Any CPU.ActiveCfg = Debug|Any CPU
		{47EBF4EB-12DF-4CEE-A362-D5EBC0EFB066}.Debug|Any CPU.Build.0 = Debug|Any CPU
		{47EBF4EB-12DF-4CEE-A362-D5EBC0EFB066}.Release|Any CPU.ActiveCfg = Release|Any CPU
		{47EBF4EB-12DF-4CEE-A362-D5EBC0EFB066}.Release|Any CPU.Build.0 = Release|Any CPU
		{2F0DD7DA-27B6-4F4B-A7A5-95481C93D02D}.Debug|Any CPU.ActiveCfg = Debug|Any CPU
		{2F0DD7DA-27B6-4F4B-A7A5-95481C93D02D}.Debug|Any CPU.Build.0 = Debug|Any CPU
		{2F0DD7DA-27B6-4F4B-A7A5-95481C93D02D}.Release|Any CPU.ActiveCfg = Release|Any CPU
		{2F0DD7DA-27B6-4F4B-A7A5-95481C93D02D}.Release|Any CPU.Build.0 = Release|Any CPU
		{AE511795-62C3-41B5-95C3-69FAF74351C2}.Debug|Any CPU.ActiveCfg = Debug|Any CPU
		{AE511795-62C3-41B5-95C3-69FAF74351C2}.Debug|Any CPU.Build.0 = Debug|Any CPU
		{AE511795-62C3-41B5-95C3-69FAF74351C2}.Release|Any CPU.ActiveCfg = Release|Any CPU
		{AE511795-62C3-41B5-95C3-69FAF74351C2}.Release|Any CPU.Build.0 = Release|Any CPU
		{6E0BDB07-B198-4F36-BD83-4F9B7CD09500}.Debug|Any CPU.ActiveCfg = Debug|Any CPU
		{6E0BDB07-B198-4F36-BD83-4F9B7CD09500}.Debug|Any CPU.Build.0 = Debug|Any CPU
		{6E0BDB07-B198-4F36-BD83-4F9B7CD09500}.Release|Any CPU.ActiveCfg = Release|Any CPU
		{6E0BDB07-B198-4F36-BD83-4F9B7CD09500}.Release|Any CPU.Build.0 = Release|Any CPU
		{33B3645D-55E5-4C34-A839-BA17364280EA}.Debug|Any CPU.ActiveCfg = Debug|Any CPU
		{33B3645D-55E5-4C34-A839-BA17364280EA}.Debug|Any CPU.Build.0 = Debug|Any CPU
		{33B3645D-55E5-4C34-A839-BA17364280EA}.Release|Any CPU.ActiveCfg = Release|Any CPU
		{33B3645D-55E5-4C34-A839-BA17364280EA}.Release|Any CPU.Build.0 = Release|Any CPU
		{8722967A-603D-45F6-B000-1C6F153E9C43}.Debug|Any CPU.ActiveCfg = Debug|Any CPU
		{8722967A-603D-45F6-B000-1C6F153E9C43}.Debug|Any CPU.Build.0 = Debug|Any CPU
		{8722967A-603D-45F6-B000-1C6F153E9C43}.Release|Any CPU.ActiveCfg = Release|Any CPU
		{8722967A-603D-45F6-B000-1C6F153E9C43}.Release|Any CPU.Build.0 = Release|Any CPU
		{1A15EE75-D148-4334-9447-4311E13704FF}.Debug|Any CPU.ActiveCfg = Debug|Any CPU
		{1A15EE75-D148-4334-9447-4311E13704FF}.Debug|Any CPU.Build.0 = Debug|Any CPU
		{1A15EE75-D148-4334-9447-4311E13704FF}.Release|Any CPU.ActiveCfg = Release|Any CPU
		{1A15EE75-D148-4334-9447-4311E13704FF}.Release|Any CPU.Build.0 = Release|Any CPU
		{7B305101-4F6D-4B95-8BF6-9060716586A4}.Debug|Any CPU.ActiveCfg = Debug|Any CPU
		{7B305101-4F6D-4B95-8BF6-9060716586A4}.Debug|Any CPU.Build.0 = Debug|Any CPU
		{7B305101-4F6D-4B95-8BF6-9060716586A4}.Release|Any CPU.ActiveCfg = Release|Any CPU
		{7B305101-4F6D-4B95-8BF6-9060716586A4}.Release|Any CPU.Build.0 = Release|Any CPU
	EndGlobalSection
	GlobalSection(SolutionProperties) = preSolution
		HideSolutionNode = FALSE
	EndGlobalSection
	GlobalSection(NestedProjects) = preSolution
		{671C7DA0-7927-4CEF-ACCA-C43379785E87} = {8CDB5565-A578-44AC-A0DF-43FC65244FFF}
		{40DA2B23-BAF5-494B-9508-D60B389209C2} = {9CE731C6-93ED-4210-A340-A71433B3F83E}
		{6D51F7F7-4F0D-4077-83CE-E7BB9E99EAE0} = {9CE731C6-93ED-4210-A340-A71433B3F83E}
		{DF6BDC0C-ACF1-47DA-9991-ADACE8DEACBC} = {5D1A09CD-B229-427A-AA7E-1DD43B4713B0}
		{47EBF4EB-12DF-4CEE-A362-D5EBC0EFB066} = {5D1A09CD-B229-427A-AA7E-1DD43B4713B0}
		{2F0DD7DA-27B6-4F4B-A7A5-95481C93D02D} = {9CE731C6-93ED-4210-A340-A71433B3F83E}
		{AE511795-62C3-41B5-95C3-69FAF74351C2} = {5D1A09CD-B229-427A-AA7E-1DD43B4713B0}
		{6E0BDB07-B198-4F36-BD83-4F9B7CD09500} = {8CDB5565-A578-44AC-A0DF-43FC65244FFF}
		{33B3645D-55E5-4C34-A839-BA17364280EA} = {9CE731C6-93ED-4210-A340-A71433B3F83E}
		{8722967A-603D-45F6-B000-1C6F153E9C43} = {9CE731C6-93ED-4210-A340-A71433B3F83E}
		{1A15EE75-D148-4334-9447-4311E13704FF} = {5D1A09CD-B229-427A-AA7E-1DD43B4713B0}
		{8CDB5565-A578-44AC-A0DF-43FC65244FFF} = {A2D47A7E-6A4D-4B12-87A8-B2CECCA5C406}
		{5D1A09CD-B229-427A-AA7E-1DD43B4713B0} = {A2D47A7E-6A4D-4B12-87A8-B2CECCA5C406}
		{9CE731C6-93ED-4210-A340-A71433B3F83E} = {A2D47A7E-6A4D-4B12-87A8-B2CECCA5C406}
		{AADF91CC-9DF0-484B-93A6-76BAF858BABE} = {F9AFCAC9-EDC3-468C-BA19-38C32B897E8E}
		{7B305101-4F6D-4B95-8BF6-9060716586A4} = {AADF91CC-9DF0-484B-93A6-76BAF858BABE}
	EndGlobalSection
	GlobalSection(ExtensibilityGlobals) = postSolution
		SolutionGuid = {F5BCD82F-578B-4157-A479-0F1AD6E8293D}
	EndGlobalSection
EndGlobal
